
Microsoft Visual Studio Solution File, Format Version 12.00
# Visual Studio Version 17
VisualStudioVersion = 17.3.32819.101
MinimumVisualStudioVersion = 10.0.40219.1
Project("{FAE04EC0-301F-11D3-BF4B-00C04F79EFBC}") = "Lazy", "Lazy\Lazy.csproj", "{ABD9768E-2837-4986-A22D-944B67EA303F}"
EndProject
Global
	GlobalSection(SolutionConfigurationPlatforms) = preSolution
		Debug|Any CPU = Debug|Any CPU
		Release|Any CPU = Release|Any CPU
	EndGlobalSection
	GlobalSection(ProjectConfigurationPlatforms) = postSolution
		{ABD9768E-2837-4986-A22D-944B67EA303F}.Debug|Any CPU.ActiveCfg = Debug|Any CPU
		{ABD9768E-2837-4986-A22D-944B67EA303F}.Debug|Any CPU.Build.0 = Debug|Any CPU
		{ABD9768E-2837-4986-A22D-944B67EA303F}.Release|Any CPU.ActiveCfg = Release|Any CPU
		{ABD9768E-2837-4986-A22D-944B67EA303F}.Release|Any CPU.Build.0 = Release|Any CPU
	EndGlobalSection
	GlobalSection(SolutionProperties) = preSolution
		HideSolutionNode = FALSE
	EndGlobalSection
	GlobalSection(ExtensibilityGlobals) = postSolution
		SolutionGuid = {184C8FCA-63F9-4124-A781-225F340DA860}
	EndGlobalSection
EndGlobal
